
Microsoft Visual Studio Solution File, Format Version 12.00
# Visual Studio Version 17
VisualStudioVersion = 17.11.35219.272
MinimumVisualStudioVersion = 10.0.40219.1
Project("{9A19103F-16F7-4668-BE54-9A1E7A4F7556}") = "ProjectEuler", "ProjectEuler\ProjectEuler.csproj", "{C7D91B36-FA6D-4DDA-AA58-34DF9533F44B}"
EndProject
Project("{9A19103F-16F7-4668-BE54-9A1E7A4F7556}") = "E08_Properties", "E08_Properties\E08_Properties.csproj", "{40CFC0F9-E49B-45C5-B0AB-C6B927E8F188}"
EndProject
Project("{9A19103F-16F7-4668-BE54-9A1E7A4F7556}") = "240923_Arv", "CodeAlongs\240923_Arv\240923_Arv.csproj", "{9B8EFFBD-BA47-4A8C-BFF2-E04357CA3AB7}"
EndProject
Project("{2150E333-8FDC-42A3-9474-1A3956D46DE8}") = "CodeAlongs", "CodeAlongs", "{FDAD26C5-44E7-4CC1-9584-02DECC43A24F}"
EndProject
Project("{9A19103F-16F7-4668-BE54-9A1E7A4F7556}") = "E01_Variabler", "E01_Variabler\E01_Variabler.csproj", "{F54D90E8-3AA8-428C-945C-485296754D5C}"
EndProject
Project("{9A19103F-16F7-4668-BE54-9A1E7A4F7556}") = "E02_Loopar", "E02_Loopar\E02_Loopar.csproj", "{F4562942-03CB-4176-ABD5-9BF4581D89BF}"
EndProject
Project("{9A19103F-16F7-4668-BE54-9A1E7A4F7556}") = "E03_Indexering", "E03_Indexering\E03_Indexering.csproj", "{C443F403-FF23-48CE-A226-2E58644EDDA3}"
EndProject
Project("{9A19103F-16F7-4668-BE54-9A1E7A4F7556}") = "E04_Funktioner", "E04_Funktioner\E04_Funktioner.csproj", "{3FBC106F-F088-4E24-81F6-1BE7033B6D34}"
EndProject
Project("{9A19103F-16F7-4668-BE54-9A1E7A4F7556}") = "E05_Labb1-Övningar", "E05_Labb1-Övningar\E05_Labb1-Övningar.csproj", "{E9EBA49C-128D-4989-A2D3-EF8F5DB438B6}"
EndProject
Project("{9A19103F-16F7-4668-BE54-9A1E7A4F7556}") = "E06_Metadata", "E06_Metadata\E06_Metadata.csproj", "{A6B9BF72-CBA4-47F6-948C-853845A87A31}"
EndProject
Project("{9A19103F-16F7-4668-BE54-9A1E7A4F7556}") = "E07_BasicOOP", "E07_BasicOOP\E07_BasicOOP.csproj", "{BC1AC39C-2BFB-4CCC-99A3-EA333E086CCF}"
EndProject
Project("{9A19103F-16F7-4668-BE54-9A1E7A4F7556}") = "E09_Arv_och_Polymorfism", "E09_Arv_och_Polymorfism\E09_Arv_och_Polymorfism.csproj", "{E6D6B539-619A-44A9-BBFA-4A663D45164B}"
EndProject
Project("{9A19103F-16F7-4668-BE54-9A1E7A4F7556}") = "240930_Delegat", "CodeAlongs\240930_Delegat\240930_Delegat.csproj", "{2A2893CF-5473-4530-BBEE-457C41D8A29D}"
EndProject
Project("{9A19103F-16F7-4668-BE54-9A1E7A4F7556}") = "241002_Extension_Methods", "CodeAlongs\241002_Extension_Methods\241002_Extension_Methods.csproj", "{5809DE55-7BAA-47A5-9EF7-BD285AB729C3}"
EndProject
Project("{9A19103F-16F7-4668-BE54-9A1E7A4F7556}") = "241002_ClassLib", "CodeAlongs\241002_ClassLib\241002_ClassLib.csproj", "{491961F1-9E29-4E21-910A-C0ADC14B00AE}"
EndProject
Project("{2150E333-8FDC-42A3-9474-1A3956D46DE8}") = "Exercises", "Exercises", "{1123F4F2-2348-4C89-9A2C-D14C6B8B5E0D}"
EndProject
Project("{2150E333-8FDC-42A3-9474-1A3956D46DE8}") = "Random", "Random", "{661ED20E-C9B7-4C23-B1DC-B4CA2B6EE527}"
EndProject
Project("{FAE04EC0-301F-11D3-BF4B-00C04F79EFBC}") = "ConsoleColors", "Random\ConsoleColors\ConsoleColors.csproj", "{F95B284D-9B5D-415D-88E8-0991E6F45ECC}"
EndProject
Global
	GlobalSection(SolutionConfigurationPlatforms) = preSolution
		Debug|Any CPU = Debug|Any CPU
		Release|Any CPU = Release|Any CPU
	EndGlobalSection
	GlobalSection(ProjectConfigurationPlatforms) = postSolution
		{C7D91B36-FA6D-4DDA-AA58-34DF9533F44B}.Debug|Any CPU.ActiveCfg = Debug|Any CPU
		{C7D91B36-FA6D-4DDA-AA58-34DF9533F44B}.Debug|Any CPU.Build.0 = Debug|Any CPU
		{C7D91B36-FA6D-4DDA-AA58-34DF9533F44B}.Release|Any CPU.ActiveCfg = Release|Any CPU
		{C7D91B36-FA6D-4DDA-AA58-34DF9533F44B}.Release|Any CPU.Build.0 = Release|Any CPU
		{40CFC0F9-E49B-45C5-B0AB-C6B927E8F188}.Debug|Any CPU.ActiveCfg = Debug|Any CPU
		{40CFC0F9-E49B-45C5-B0AB-C6B927E8F188}.Debug|Any CPU.Build.0 = Debug|Any CPU
		{40CFC0F9-E49B-45C5-B0AB-C6B927E8F188}.Release|Any CPU.ActiveCfg = Release|Any CPU
		{40CFC0F9-E49B-45C5-B0AB-C6B927E8F188}.Release|Any CPU.Build.0 = Release|Any CPU
		{9B8EFFBD-BA47-4A8C-BFF2-E04357CA3AB7}.Debug|Any CPU.ActiveCfg = Debug|Any CPU
		{9B8EFFBD-BA47-4A8C-BFF2-E04357CA3AB7}.Debug|Any CPU.Build.0 = Debug|Any CPU
		{9B8EFFBD-BA47-4A8C-BFF2-E04357CA3AB7}.Release|Any CPU.ActiveCfg = Release|Any CPU
		{9B8EFFBD-BA47-4A8C-BFF2-E04357CA3AB7}.Release|Any CPU.Build.0 = Release|Any CPU
		{F54D90E8-3AA8-428C-945C-485296754D5C}.Debug|Any CPU.ActiveCfg = Debug|Any CPU
		{F54D90E8-3AA8-428C-945C-485296754D5C}.Debug|Any CPU.Build.0 = Debug|Any CPU
		{F54D90E8-3AA8-428C-945C-485296754D5C}.Release|Any CPU.ActiveCfg = Release|Any CPU
		{F54D90E8-3AA8-428C-945C-485296754D5C}.Release|Any CPU.Build.0 = Release|Any CPU
		{F4562942-03CB-4176-ABD5-9BF4581D89BF}.Debug|Any CPU.ActiveCfg = Debug|Any CPU
		{F4562942-03CB-4176-ABD5-9BF4581D89BF}.Debug|Any CPU.Build.0 = Debug|Any CPU
		{F4562942-03CB-4176-ABD5-9BF4581D89BF}.Release|Any CPU.ActiveCfg = Release|Any CPU
		{F4562942-03CB-4176-ABD5-9BF4581D89BF}.Release|Any CPU.Build.0 = Release|Any CPU
		{C443F403-FF23-48CE-A226-2E58644EDDA3}.Debug|Any CPU.ActiveCfg = Debug|Any CPU
		{C443F403-FF23-48CE-A226-2E58644EDDA3}.Debug|Any CPU.Build.0 = Debug|Any CPU
		{C443F403-FF23-48CE-A226-2E58644EDDA3}.Release|Any CPU.ActiveCfg = Release|Any CPU
		{C443F403-FF23-48CE-A226-2E58644EDDA3}.Release|Any CPU.Build.0 = Release|Any CPU
		{3FBC106F-F088-4E24-81F6-1BE7033B6D34}.Debug|Any CPU.ActiveCfg = Debug|Any CPU
		{3FBC106F-F088-4E24-81F6-1BE7033B6D34}.Debug|Any CPU.Build.0 = Debug|Any CPU
		{3FBC106F-F088-4E24-81F6-1BE7033B6D34}.Release|Any CPU.ActiveCfg = Release|Any CPU
		{3FBC106F-F088-4E24-81F6-1BE7033B6D34}.Release|Any CPU.Build.0 = Release|Any CPU
		{E9EBA49C-128D-4989-A2D3-EF8F5DB438B6}.Debug|Any CPU.ActiveCfg = Debug|Any CPU
		{E9EBA49C-128D-4989-A2D3-EF8F5DB438B6}.Debug|Any CPU.Build.0 = Debug|Any CPU
		{E9EBA49C-128D-4989-A2D3-EF8F5DB438B6}.Release|Any CPU.ActiveCfg = Release|Any CPU
		{E9EBA49C-128D-4989-A2D3-EF8F5DB438B6}.Release|Any CPU.Build.0 = Release|Any CPU
		{A6B9BF72-CBA4-47F6-948C-853845A87A31}.Debug|Any CPU.ActiveCfg = Debug|Any CPU
		{A6B9BF72-CBA4-47F6-948C-853845A87A31}.Debug|Any CPU.Build.0 = Debug|Any CPU
		{A6B9BF72-CBA4-47F6-948C-853845A87A31}.Release|Any CPU.ActiveCfg = Release|Any CPU
		{A6B9BF72-CBA4-47F6-948C-853845A87A31}.Release|Any CPU.Build.0 = Release|Any CPU
		{BC1AC39C-2BFB-4CCC-99A3-EA333E086CCF}.Debug|Any CPU.ActiveCfg = Debug|Any CPU
		{BC1AC39C-2BFB-4CCC-99A3-EA333E086CCF}.Debug|Any CPU.Build.0 = Debug|Any CPU
		{BC1AC39C-2BFB-4CCC-99A3-EA333E086CCF}.Release|Any CPU.ActiveCfg = Release|Any CPU
		{BC1AC39C-2BFB-4CCC-99A3-EA333E086CCF}.Release|Any CPU.Build.0 = Release|Any CPU
		{E6D6B539-619A-44A9-BBFA-4A663D45164B}.Debug|Any CPU.ActiveCfg = Debug|Any CPU
		{E6D6B539-619A-44A9-BBFA-4A663D45164B}.Debug|Any CPU.Build.0 = Debug|Any CPU
		{E6D6B539-619A-44A9-BBFA-4A663D45164B}.Release|Any CPU.ActiveCfg = Release|Any CPU
		{E6D6B539-619A-44A9-BBFA-4A663D45164B}.Release|Any CPU.Build.0 = Release|Any CPU
		{2A2893CF-5473-4530-BBEE-457C41D8A29D}.Debug|Any CPU.ActiveCfg = Debug|Any CPU
		{2A2893CF-5473-4530-BBEE-457C41D8A29D}.Debug|Any CPU.Build.0 = Debug|Any CPU
		{2A2893CF-5473-4530-BBEE-457C41D8A29D}.Release|Any CPU.ActiveCfg = Release|Any CPU
		{2A2893CF-5473-4530-BBEE-457C41D8A29D}.Release|Any CPU.Build.0 = Release|Any CPU
		{5809DE55-7BAA-47A5-9EF7-BD285AB729C3}.Debug|Any CPU.ActiveCfg = Debug|Any CPU
		{5809DE55-7BAA-47A5-9EF7-BD285AB729C3}.Debug|Any CPU.Build.0 = Debug|Any CPU
		{5809DE55-7BAA-47A5-9EF7-BD285AB729C3}.Release|Any CPU.ActiveCfg = Release|Any CPU
		{5809DE55-7BAA-47A5-9EF7-BD285AB729C3}.Release|Any CPU.Build.0 = Release|Any CPU
		{491961F1-9E29-4E21-910A-C0ADC14B00AE}.Debug|Any CPU.ActiveCfg = Debug|Any CPU
		{491961F1-9E29-4E21-910A-C0ADC14B00AE}.Debug|Any CPU.Build.0 = Debug|Any CPU
		{491961F1-9E29-4E21-910A-C0ADC14B00AE}.Release|Any CPU.ActiveCfg = Release|Any CPU
		{491961F1-9E29-4E21-910A-C0ADC14B00AE}.Release|Any CPU.Build.0 = Release|Any CPU
		{F95B284D-9B5D-415D-88E8-0991E6F45ECC}.Debug|Any CPU.ActiveCfg = Debug|Any CPU
		{F95B284D-9B5D-415D-88E8-0991E6F45ECC}.Debug|Any CPU.Build.0 = Debug|Any CPU
		{F95B284D-9B5D-415D-88E8-0991E6F45ECC}.Release|Any CPU.ActiveCfg = Release|Any CPU
		{F95B284D-9B5D-415D-88E8-0991E6F45ECC}.Release|Any CPU.Build.0 = Release|Any CPU
	EndGlobalSection
	GlobalSection(SolutionProperties) = preSolution
		HideSolutionNode = FALSE
	EndGlobalSection
	GlobalSection(NestedProjects) = preSolution
		{C7D91B36-FA6D-4DDA-AA58-34DF9533F44B} = {661ED20E-C9B7-4C23-B1DC-B4CA2B6EE527}
		{40CFC0F9-E49B-45C5-B0AB-C6B927E8F188} = {1123F4F2-2348-4C89-9A2C-D14C6B8B5E0D}
		{9B8EFFBD-BA47-4A8C-BFF2-E04357CA3AB7} = {FDAD26C5-44E7-4CC1-9584-02DECC43A24F}
		{F54D90E8-3AA8-428C-945C-485296754D5C} = {1123F4F2-2348-4C89-9A2C-D14C6B8B5E0D}
		{F4562942-03CB-4176-ABD5-9BF4581D89BF} = {1123F4F2-2348-4C89-9A2C-D14C6B8B5E0D}
		{C443F403-FF23-48CE-A226-2E58644EDDA3} = {1123F4F2-2348-4C89-9A2C-D14C6B8B5E0D}
		{3FBC106F-F088-4E24-81F6-1BE7033B6D34} = {1123F4F2-2348-4C89-9A2C-D14C6B8B5E0D}
		{E9EBA49C-128D-4989-A2D3-EF8F5DB438B6} = {1123F4F2-2348-4C89-9A2C-D14C6B8B5E0D}
		{A6B9BF72-CBA4-47F6-948C-853845A87A31} = {1123F4F2-2348-4C89-9A2C-D14C6B8B5E0D}
		{BC1AC39C-2BFB-4CCC-99A3-EA333E086CCF} = {1123F4F2-2348-4C89-9A2C-D14C6B8B5E0D}
		{E6D6B539-619A-44A9-BBFA-4A663D45164B} = {1123F4F2-2348-4C89-9A2C-D14C6B8B5E0D}
		{2A2893CF-5473-4530-BBEE-457C41D8A29D} = {FDAD26C5-44E7-4CC1-9584-02DECC43A24F}
		{5809DE55-7BAA-47A5-9EF7-BD285AB729C3} = {FDAD26C5-44E7-4CC1-9584-02DECC43A24F}
		{491961F1-9E29-4E21-910A-C0ADC14B00AE} = {FDAD26C5-44E7-4CC1-9584-02DECC43A24F}
		{F95B284D-9B5D-415D-88E8-0991E6F45ECC} = {661ED20E-C9B7-4C23-B1DC-B4CA2B6EE527}
	EndGlobalSection
	GlobalSection(ExtensibilityGlobals) = postSolution
		SolutionGuid = {5F4C7FA3-5503-45B7-A7BE-D443E32EE856}
	EndGlobalSection
EndGlobal
